
Microsoft Visual Studio Solution File, Format Version 12.00
# Visual Studio Version 17
VisualStudioVersion = 17.6.33829.357
MinimumVisualStudioVersion = 10.0.40219.1
Project("{FAE04EC0-301F-11D3-BF4B-00C04F79EFBC}") = "myReading", "myReading\myReading.csproj", "{C359F115-418C-459C-959C-083C6D11B3AE}"
EndProject
Global
	GlobalSection(SolutionConfigurationPlatforms) = preSolution
		Debug|ARM64 = Debug|ARM64
		Debug|x64 = Debug|x64
		Debug|x86 = Debug|x86
		Release|ARM64 = Release|ARM64
		Release|x64 = Release|x64
		Release|x86 = Release|x86
	EndGlobalSection
	GlobalSection(ProjectConfigurationPlatforms) = postSolution
		{C359F115-418C-459C-959C-083C6D11B3AE}.Debug|ARM64.ActiveCfg = Debug|ARM64
		{C359F115-418C-459C-959C-083C6D11B3AE}.Debug|ARM64.Build.0 = Debug|ARM64
		{C359F115-418C-459C-959C-083C6D11B3AE}.Debug|ARM64.Deploy.0 = Debug|ARM64
		{C359F115-418C-459C-959C-083C6D11B3AE}.Debug|x64.ActiveCfg = Debug|x64
		{C359F115-418C-459C-959C-083C6D11B3AE}.Debug|x64.Build.0 = Debug|x64
		{C359F115-418C-459C-959C-083C6D11B3AE}.Debug|x64.Deploy.0 = Debug|x64
		{C359F115-418C-459C-959C-083C6D11B3AE}.Debug|x86.ActiveCfg = Debug|x86
		{C359F115-418C-459C-959C-083C6D11B3AE}.Debug|x86.Build.0 = Debug|x86
		{C359F115-418C-459C-959C-083C6D11B3AE}.Debug|x86.Deploy.0 = Debug|x86
		{C359F115-418C-459C-959C-083C6D11B3AE}.Release|ARM64.ActiveCfg = Release|ARM64
		{C359F115-418C-459C-959C-083C6D11B3AE}.Release|ARM64.Build.0 = Release|ARM64
		{C359F115-418C-459C-959C-083C6D11B3AE}.Release|ARM64.Deploy.0 = Release|ARM64
		{C359F115-418C-459C-959C-083C6D11B3AE}.Release|x64.ActiveCfg = Release|x64
		{C359F115-418C-459C-959C-083C6D11B3AE}.Release|x64.Build.0 = Release|x64
		{C359F115-418C-459C-959C-083C6D11B3AE}.Release|x64.Deploy.0 = Release|x64
		{C359F115-418C-459C-959C-083C6D11B3AE}.Release|x86.ActiveCfg = Release|x86
		{C359F115-418C-459C-959C-083C6D11B3AE}.Release|x86.Build.0 = Release|x86
		{C359F115-418C-459C-959C-083C6D11B3AE}.Release|x86.Deploy.0 = Release|x86
	EndGlobalSection
	GlobalSection(SolutionProperties) = preSolution
		HideSolutionNode = FALSE
	EndGlobalSection
	GlobalSection(ExtensibilityGlobals) = postSolution
		SolutionGuid = {D06B295D-8286-4F77-BC86-5BD6F713E00B}
	EndGlobalSection
EndGlobal
